// !$*UTF8*$!
{
	archiveVersion = 1;
	classes = {
	};
	objectVersion = 50;
	objects = {

/* Begin PBXBuildFile section */
		3E68353B21ECF346001FD8AA /* AppDelegate.swift in Sources */ = {isa = PBXBuildFile; fileRef = 3E68353A21ECF346001FD8AA /* AppDelegate.swift */; };
		3E68353D21ECF346001FD8AA /* ViewController.swift in Sources */ = {isa = PBXBuildFile; fileRef = 3E68353C21ECF346001FD8AA /* ViewController.swift */; };
		3E68354021ECF346001FD8AA /* Main.storyboard in Resources */ = {isa = PBXBuildFile; fileRef = 3E68353E21ECF346001FD8AA /* Main.storyboard */; };
		3E68354221ECF348001FD8AA /* Assets.xcassets in Resources */ = {isa = PBXBuildFile; fileRef = 3E68354121ECF348001FD8AA /* Assets.xcassets */; };
		3E68354521ECF348001FD8AA /* LaunchScreen.storyboard in Resources */ = {isa = PBXBuildFile; fileRef = 3E68354321ECF348001FD8AA /* LaunchScreen.storyboard */; };
		3E68354D21ECF3EB001FD8AA /* Ucesnik.swift in Sources */ = {isa = PBXBuildFile; fileRef = 3E68354C21ECF3EB001FD8AA /* Ucesnik.swift */; };
		3E68354F21ECFC3E001FD8AA /* UcesnikTableViewCell.swift in Sources */ = {isa = PBXBuildFile; fileRef = 3E68354E21ECFC3E001FD8AA /* UcesnikTableViewCell.swift */; };
/* End PBXBuildFile section */

/* Begin PBXFileReference section */
		3E68353721ECF346001FD8AA /* tableViewSectionTest.app */ = {isa = PBXFileReference; explicitFileType = wrapper.application; includeInIndex = 0; path = tableViewSectionTest.app; sourceTree = BUILT_PRODUCTS_DIR; };
		3E68353A21ECF346001FD8AA /* AppDelegate.swift */ = {isa = PBXFileReference; lastKnownFileType = sourcecode.swift; path = AppDelegate.swift; sourceTree = "<group>"; };
		3E68353C21ECF346001FD8AA /* ViewController.swift */ = {isa = PBXFileReference; lastKnownFileType = sourcecode.swift; path = ViewController.swift; sourceTree = "<group>"; };
		3E68353F21ECF346001FD8AA /* Base */ = {isa = PBXFileReference; lastKnownFileType = file.storyboard; name = Base; path = Base.lproj/Main.storyboard; sourceTree = "<group>"; };
		3E68354121ECF348001FD8AA /* Assets.xcassets */ = {isa = PBXFileReference; lastKnownFileType = folder.assetcatalog; path = Assets.xcassets; sourceTree = "<group>"; };
		3E68354421ECF348001FD8AA /* Base */ = {isa = PBXFileReference; lastKnownFileType = file.storyboard; name = Base; path = Base.lproj/LaunchScreen.storyboard; sourceTree = "<group>"; };
		3E68354621ECF348001FD8AA /* Info.plist */ = {isa = PBXFileReference; lastKnownFileType = text.plist.xml; path = Info.plist; sourceTree = "<group>"; };
		3E68354C21ECF3EB001FD8AA /* Ucesnik.swift */ = {isa = PBXFileReference; lastKnownFileType = sourcecode.swift; path = Ucesnik.swift; sourceTree = "<group>"; };
		3E68354E21ECFC3E001FD8AA /* UcesnikTableViewCell.swift */ = {isa = PBXFileReference; lastKnownFileType = sourcecode.swift; path = UcesnikTableViewCell.swift; sourceTree = "<group>"; };
/* End PBXFileReference section */

/* Begin PBXFrameworksBuildPhase section */
		3E68353421ECF346001FD8AA /* Frameworks */ = {
			isa = PBXFrameworksBuildPhase;
			buildActionMask = 2147483647;
			files = (
			);
			runOnlyForDeploymentPostprocessing = 0;
		};
/* End PBXFrameworksBuildPhase section */

/* Begin PBXGroup section */
		3E68352E21ECF346001FD8AA = {
			isa = PBXGroup;
			children = (
				3E68353921ECF346001FD8AA /* tableViewSectionTest */,
				3E68353821ECF346001FD8AA /* Products */,
			);
			sourceTree = "<group>";
		};
		3E68353821ECF346001FD8AA /* Products */ = {
			isa = PBXGroup;
			children = (
				3E68353721ECF346001FD8AA /* tableViewSectionTest.app */,
			);
			name = Products;
			sourceTree = "<group>";
		};
		3E68353921ECF346001FD8AA /* tableViewSectionTest */ = {
			isa = PBXGroup;
			children = (
				3E68353A21ECF346001FD8AA /* AppDelegate.swift */,
				3E68353C21ECF346001FD8AA /* ViewController.swift */,
				3E68353E21ECF346001FD8AA /* Main.storyboard */,
				3E68354E21ECFC3E001FD8AA /* UcesnikTableViewCell.swift */,
				3E68354C21ECF3EB001FD8AA /* Ucesnik.swift */,
				3E68354121ECF348001FD8AA /* Assets.xcassets */,
				3E68354321ECF348001FD8AA /* LaunchScreen.storyboard */,
				3E68354621ECF348001FD8AA /* Info.plist */,
			);
			path = tableViewSectionTest;
			sourceTree = "<group>";
		};
/* End PBXGroup section */

/* Begin PBXNativeTarget section */
		3E68353621ECF346001FD8AA /* tableViewSectionTest */ = {
			isa = PBXNativeTarget;
			buildConfigurationList = 3E68354921ECF348001FD8AA /* Build configuration list for PBXNativeTarget "tableViewSectionTest" */;
			buildPhases = (
				3E68353321ECF346001FD8AA /* Sources */,
				3E68353421ECF346001FD8AA /* Frameworks */,
				3E68353521ECF346001FD8AA /* Resources */,
			);
			buildRules = (
			);
			dependencies = (
			);
			name = tableViewSectionTest;
			productName = tableViewSectionTest;
			productReference = 3E68353721ECF346001FD8AA /* tableViewSectionTest.app */;
			productType = "com.apple.product-type.application";
		};
/* End PBXNativeTarget section */

/* Begin PBXProject section */
		3E68352F21ECF346001FD8AA /* Project object */ = {
			isa = PBXProject;
			attributes = {
				LastSwiftUpdateCheck = 0940;
				LastUpgradeCheck = 0940;
				ORGANIZATIONNAME = "Ivana Stamardjioska";
				TargetAttributes = {
					3E68353621ECF346001FD8AA = {
						CreatedOnToolsVersion = 9.4.1;
					};
				};
			};
			buildConfigurationList = 3E68353221ECF346001FD8AA /* Build configuration list for PBXProject "tableViewSectionTest" */;
			compatibilityVersion = "Xcode 9.3";
			developmentRegion = en;
			hasScannedForEncodings = 0;
			knownRegions = (
				en,
				Base,
			);
			mainGroup = 3E68352E21ECF346001FD8AA;
			productRefGroup = 3E68353821ECF346001FD8AA /* Products */;
			projectDirPath = "";
			projectRoot = "";
			targets = (
				3E68353621ECF346001FD8AA /* tableViewSectionTest */,
			);
		};
/* End PBXProject section */

/* Begin PBXResourcesBuildPhase section */
		3E68353521ECF346001FD8AA /* Resources */ = {
			isa = PBXResourcesBuildPhase;
			buildActionMask = 2147483647;
			files = (
				3E68354521ECF348001FD8AA /* LaunchScreen.storyboard in Resources */,
				3E68354221ECF348001FD8AA /* Assets.xcassets in Resources */,
				3E68354021ECF346001FD8AA /* Main.storyboard in Resources */,
			);
			runOnlyForDeploymentPostprocessing = 0;
		};
/* End PBXResourcesBuildPhase section */

/* Begin PBXSourcesBuildPhase section */
		3E68353321ECF346001FD8AA /* Sources */ = {
			isa = PBXSourcesBuildPhase;
			buildActionMask = 2147483647;
			files = (
				3E68354D21ECF3EB001FD8AA /* Ucesnik.swift in Sources */,
				3E68353D21ECF346001FD8AA /* ViewController.swift in Sources */,
				3E68354F21ECFC3E001FD8AA /* UcesnikTableViewCell.swift in Sources */,
				3E68353B21ECF346001FD8AA /* AppDelegate.swift in Sources */,
			);
			runOnlyForDeploymentPostprocessing = 0;
		};
/* End PBXSourcesBuildPhase section */

/* Begin PBXVariantGroup section */
		3E68353E21ECF346001FD8AA /* Main.storyboard */ = {
			isa = PBXVariantGroup;
			children = (
				3E68353F21ECF346001FD8AA /* Base */,
			);
			name = Main.storyboard;
			sourceTree = "<group>";
		};
		3E68354321ECF348001FD8AA /* LaunchScreen.storyboard */ = {
			isa = PBXVariantGroup;
			children = (
				3E68354421ECF348001FD8AA /* Base */,
			);
			name = LaunchScreen.storyboard;
			sourceTree = "<group>";
		};
/* End PBXVariantGroup section */

/* Begin XCBuildConfiguration section */
		3E68354721ECF348001FD8AA /* Debug */ = {
			isa = XCBuildConfiguration;
			buildSettings = {
				ALWAYS_SEARCH_USER_PATHS = NO;
				CLANG_ANALYZER_NONNULL = YES;
				CLANG_ANALYZER_NUMBER_OBJECT_CONVERSION = YES_AGGRESSIVE;
				CLANG_CXX_LANGUAGE_STANDARD = "gnu++14";
				CLANG_CXX_LIBRARY = "libc++";
				CLANG_ENABLE_MODULES = YES;
				CLANG_ENABLE_OBJC_ARC = YES;
				CLANG_ENABLE_OBJC_WEAK = YES;
				CLANG_WARN_BLOCK_CAPTURE_AUTORELEASING = YES;
				CLANG_WARN_BOOL_CONVERSION = YES;
				CLANG_WARN_COMMA = YES;
				CLANG_WARN_CONSTANT_CONVERSION = YES;
				CLANG_WARN_DEPRECATED_OBJC_IMPLEMENTATIONS = YES;
				CLANG_WARN_DIRECT_OBJC_ISA_USAGE = YES_ERROR;
				CLANG_WARN_DOCUMENTATION_COMMENTS = YES;
				CLANG_WARN_EMPTY_BODY = YES;
				CLANG_WARN_ENUM_CONVERSION = YES;
				CLANG_WARN_INFINITE_RECURSION = YES;
				CLANG_WARN_INT_CONVERSION = YES;
				CLANG_WARN_NON_LITERAL_NULL_CONVERSION = YES;
				CLANG_WARN_OBJC_IMPLICIT_RETAIN_SELF = YES;
				CLANG_WARN_OBJC_LITERAL_CONVERSION = YES;
				CLANG_WARN_OBJC_ROOT_CLASS = YES_ERROR;
				CLANG_WARN_RANGE_LOOP_ANALYSIS = YES;
				CLANG_WARN_STRICT_PROTOTYPES = YES;
				CLANG_WARN_SUSPICIOUS_MOVE = YES;
				CLANG_WARN_UNGUARDED_AVAILABILITY = YES_AGGRESSIVE;
				CLANG_WARN_UNREACHABLE_CODE = YES;
				CLANG_WARN__DUPLICATE_METHOD_MATCH = YES;
				CODE_SIGN_IDENTITY = "iPhone Developer";
				COPY_PHASE_STRIP = NO;
				DEBUG_INFORMATION_FORMAT = dwarf;
				ENABLE_STRICT_OBJC_MSGSEND = YES;
				ENABLE_TESTABILITY = YES;
				GCC_C_LANGUAGE_STANDARD = gnu11;
				GCC_DYNAMIC_NO_PIC = NO;
				GCC_NO_COMMON_BLOCKS = YES;
				GCC_OPTIMIZATION_LEVEL = 0;
				GCC_PREPROCESSOR_DEFINITIONS = (
					"DEBUG=1",
					"$(inherited)",
				);
				GCC_WARN_64_TO_32_BIT_CONVERSION = YES;
				GCC_WARN_ABOUT_RETURN_TYPE = YES_ERROR;
				GCC_WARN_UNDECLARED_SELECTOR = YES;
				GCC_WARN_UNINITIALIZED_AUTOS = YES_AGGRESSIVE;
				GCC_WARN_UNUSED_FUNCTION = YES;
				GCC_WARN_UNUSED_VARIABLE = YES;
				IPHONEOS_DEPLOYMENT_TARGET = 11.4;
				MTL_ENABLE_DEBUG_INFO = YES;
				ONLY_ACTIVE_ARCH = YES;
				SDKROOT = iphoneos;
				SWIFT_ACTIVE_COMPILATION_CONDITIONS = DEBUG;
				SWIFT_OPTIMIZATION_LEVEL = "-Onone";
			};
			name = Debug;
		};
		3E68354821ECF348001FD8AA /* Release */ = {
			isa = XCBuildConfiguration;
			buildSettings = {
				ALWAYS_SEARCH_USER_PATHS = NO;
				CLANG_ANALYZER_NONNULL = YES;
				CLANG_ANALYZER_NUMBER_OBJECT_CONVERSION = YES_AGGRESSIVE;
				CLANG_CXX_LANGUAGE_STANDARD = "gnu++14";
				CLANG_CXX_LIBRARY = "libc++";
				CLANG_ENABLE_MODULES = YES;
				CLANG_ENABLE_OBJC_ARC = YES;
				CLANG_ENABLE_OBJC_WEAK = YES;
				CLANG_WARN_BLOCK_CAPTURE_AUTORELEASING = YES;
				CLANG_WARN_BOOL_CONVERSION = YES;
				CLANG_WARN_COMMA = YES;
				CLANG_WARN_CONSTANT_CONVERSION = YES;
				CLANG_WARN_DEPRECATED_OBJC_IMPLEMENTATIONS = YES;
				CLANG_WARN_DIRECT_OBJC_ISA_USAGE = YES_ERROR;
				CLANG_WARN_DOCUMENTATION_COMMENTS = YES;
				CLANG_WARN_EMPTY_BODY = YES;
				CLANG_WARN_ENUM_CONVERSION = YES;
				CLANG_WARN_INFINITE_RECURSION = YES;
				CLANG_WARN_INT_CONVERSION = YES;
				CLANG_WARN_NON_LITERAL_NULL_CONVERSION = YES;
				CLANG_WARN_OBJC_IMPLICIT_RETAIN_SELF = YES;
				CLANG_WARN_OBJC_LITERAL_CONVERSION = YES;
				CLANG_WARN_OBJC_ROOT_CLASS = YES_ERROR;
				CLANG_WARN_RANGE_LOOP_ANALYSIS = YES;
				CLANG_WARN_STRICT_PROTOTYPES = YES;
				CLANG_WARN_SUSPICIOUS_MOVE = YES;
				CLANG_WARN_UNGUARDED_AVAILABILITY = YES_AGGRESSIVE;
				CLANG_WARN_UNREACHABLE_CODE = YES;
				CLANG_WARN__DUPLICATE_METHOD_MATCH = YES;
				CODE_SIGN_IDENTITY = "iPhone Developer";
				COPY_PHASE_STRIP = NO;
				DEBUG_INFORMATION_FORMAT = "dwarf-with-dsym";
				ENABLE_NS_ASSERTIONS = NO;
				ENABLE_STRICT_OBJC_MSGSEND = YES;
				GCC_C_LANGUAGE_STANDARD = gnu11;
				GCC_NO_COMMON_BLOCKS = YES;
				GCC_WARN_64_TO_32_BIT_CONVERSION = YES;
				GCC_WARN_ABOUT_RETURN_TYPE = YES_ERROR;
				GCC_WARN_UNDECLARED_SELECTOR = YES;
				GCC_WARN_UNINITIALIZED_AUTOS = YES_AGGRESSIVE;
				GCC_WARN_UNUSED_FUNCTION = YES;
				GCC_WARN_UNUSED_VARIABLE = YES;
				IPHONEOS_DEPLOYMENT_TARGET = 11.4;
				MTL_ENABLE_DEBUG_INFO = NO;
				SDKROOT = iphoneos;
				SWIFT_COMPILATION_MODE = wholemodule;
				SWIFT_OPTIMIZATION_LEVEL = "-O";
				VALIDATE_PRODUCT = YES;
			};
			name = Release;
		};
		3E68354A21ECF348001FD8AA /* Debug */ = {
			isa = XCBuildConfiguration;
			buildSettings = {
				ASSETCATALOG_COMPILER_APPICON_NAME = AppIcon;
				CODE_SIGN_STYLE = Automatic;
				INFOPLIST_FILE = tableViewSectionTest/Info.plist;
				LD_RUNPATH_SEARCH_PATHS = (
					"$(inherited)",
					"@executable_path/Frameworks",
				);
				PRODUCT_BUNDLE_IDENTIFIER = com.mk.codewell.tableViewSectionTest;
				PRODUCT_NAME = "$(TARGET_NAME)";
				SWIFT_VERSION = 4.0;
				TARGETED_DEVICE_FAMILY = "1,2";
			};
			name = Debug;
		};
		3E68354B21ECF348001FD8AA /* Release */ = {
			isa = XCBuildConfiguration;
			buildSettings = {
				ASSETCATALOG_COMPILER_APPICON_NAME = AppIcon;
				CODE_SIGN_STYLE = Automatic;
				INFOPLIST_FILE = tableViewSectionTest/Info.plist;
				LD_RUNPATH_SEARCH_PATHS = (
					"$(inherited)",
					"@executable_path/Frameworks",
				);
				PRODUCT_BUNDLE_IDENTIFIER = com.mk.codewell.tableViewSectionTest;
				PRODUCT_NAME = "$(TARGET_NAME)";
				SWIFT_VERSION = 4.0;
				TARGETED_DEVICE_FAMILY = "1,2";
			};
			name = Release;
		};
/* End XCBuildConfiguration section */

/* Begin XCConfigurationList section */
		3E68353221ECF346001FD8AA /* Build configuration list for PBXProject "tableViewSectionTest" */ = {
			isa = XCConfigurationList;
			buildConfigurations = (
				3E68354721ECF348001FD8AA /* Debug */,
				3E68354821ECF348001FD8AA /* Release */,
			);
			defaultConfigurationIsVisible = 0;
			defaultConfigurationName = Release;
		};
		3E68354921ECF348001FD8AA /* Build configuration list for PBXNativeTarget "tableViewSectionTest" */ = {
			isa = XCConfigurationList;
			buildConfigurations = (
				3E68354A21ECF348001FD8AA /* Debug */,
				3E68354B21ECF348001FD8AA /* Release */,
			);
			defaultConfigurationIsVisible = 0;
			defaultConfigurationName = Release;
		};
/* End XCConfigurationList section */
	};
	rootObject = 3E68352F21ECF346001FD8AA /* Project object */;
}
